
Microsoft Visual Studio Solution File, Format Version 12.00
Project("{FAE04EC0-301F-11D3-BF4B-00C04F79EFBC}") = "Playwrigt_Demo", "Playwrigt_Demo.csproj", "{27DCF40D-0C83-4D3E-9E49-921553D06194}"
EndProject
Global
	GlobalSection(SolutionConfigurationPlatforms) = preSolution
		Debug|Any CPU = Debug|Any CPU
		Release|Any CPU = Release|Any CPU
	EndGlobalSection
	GlobalSection(ProjectConfigurationPlatforms) = postSolution
		{27DCF40D-0C83-4D3E-9E49-921553D06194}.Debug|Any CPU.ActiveCfg = Debug|Any CPU
		{27DCF40D-0C83-4D3E-9E49-921553D06194}.Debug|Any CPU.Build.0 = Debug|Any CPU
		{27DCF40D-0C83-4D3E-9E49-921553D06194}.Release|Any CPU.ActiveCfg = Release|Any CPU
		{27DCF40D-0C83-4D3E-9E49-921553D06194}.Release|Any CPU.Build.0 = Release|Any CPU
	EndGlobalSection
EndGlobal
